// !$*UTF8*$!
{
	archiveVersion = 1;
	classes = {
	};
	objectVersion = 50;
	objects = {

/* Begin PBXBuildFile section */
		AA9A5F2321369660005AF71B /* NetworkTools.swift in Sources */ = {isa = PBXBuildFile; fileRef = AA9A5F2221369660005AF71B /* NetworkTools.swift */; };
		AA9A5F27213696A9005AF71B /* DMModel.swift in Sources */ = {isa = PBXBuildFile; fileRef = AA9A5F2621369697005AF71B /* DMModel.swift */; };
		AA9A5F2C213696BF005AF71B /* TSaveFiles.swift in Sources */ = {isa = PBXBuildFile; fileRef = AA9A5F28213696BC005AF71B /* TSaveFiles.swift */; };
		AA9A5F2D213696BF005AF71B /* HttpRequest.swift in Sources */ = {isa = PBXBuildFile; fileRef = AA9A5F29213696BD005AF71B /* HttpRequest.swift */; };
		AA9A5F2E213696BF005AF71B /* TStrInt.swift in Sources */ = {isa = PBXBuildFile; fileRef = AA9A5F2A213696BE005AF71B /* TStrInt.swift */; };
		AA9A5F2F213696BF005AF71B /* THUD.swift in Sources */ = {isa = PBXBuildFile; fileRef = AA9A5F2B213696BF005AF71B /* THUD.swift */; };
		AA9A5F31213696CE005AF71B /* JRequets.swift in Sources */ = {isa = PBXBuildFile; fileRef = AA9A5F30213696CE005AF71B /* JRequets.swift */; };
		AA9A5F32213696D4005AF71B /* DMAPI.swift in Sources */ = {isa = PBXBuildFile; fileRef = AA9A5F2521369697005AF71B /* DMAPI.swift */; };
		AA9A5F372137DE7B005AF71B /* IntroductionViewController.swift in Sources */ = {isa = PBXBuildFile; fileRef = AA9A5F362137DE7B005AF71B /* IntroductionViewController.swift */; };
		AA9A5F3A2138D8EA005AF71B /* ViewModel.swift in Sources */ = {isa = PBXBuildFile; fileRef = AA9A5F392138D8EA005AF71B /* ViewModel.swift */; };
		AAFE5F0F2134D987000543DB /* AppDelegate.swift in Sources */ = {isa = PBXBuildFile; fileRef = AAFE5F0E2134D987000543DB /* AppDelegate.swift */; };
		AAFE5F162134D98A000543DB /* Assets.xcassets in Resources */ = {isa = PBXBuildFile; fileRef = AAFE5F152134D98A000543DB /* Assets.xcassets */; };
		AAFE5F192134D98A000543DB /* LaunchScreen.storyboard in Resources */ = {isa = PBXBuildFile; fileRef = AAFE5F172134D98A000543DB /* LaunchScreen.storyboard */; };
		AAFE5F8B21352524000543DB /* PPTabBarController.swift in Sources */ = {isa = PBXBuildFile; fileRef = AAFE5F8A21352524000543DB /* PPTabBarController.swift */; };
		AAFE5F922135256D000543DB /* PPViewController1.xib in Resources */ = {isa = PBXBuildFile; fileRef = AAFE5F8D2135256C000543DB /* PPViewController1.xib */; };
		AAFE5F932135256D000543DB /* PPViewController3.swift in Sources */ = {isa = PBXBuildFile; fileRef = AAFE5F8E2135256C000543DB /* PPViewController3.swift */; };
		AAFE5F942135256D000543DB /* PPViewController4.swift in Sources */ = {isa = PBXBuildFile; fileRef = AAFE5F8F2135256D000543DB /* PPViewController4.swift */; };
		AAFE5F952135256D000543DB /* PPViewController1.swift in Sources */ = {isa = PBXBuildFile; fileRef = AAFE5F902135256D000543DB /* PPViewController1.swift */; };
		AAFE5F962135256D000543DB /* PPViewController2.swift in Sources */ = {isa = PBXBuildFile; fileRef = AAFE5F912135256D000543DB /* PPViewController2.swift */; };
		BD48EA4B9ABCC911DB296A81 /* Pods_demoapp2.framework in Frameworks */ = {isa = PBXBuildFile; fileRef = 111A7E7C65F2304DFFA26CB7 /* Pods_demoapp2.framework */; };
/* End PBXBuildFile section */

/* Begin PBXFileReference section */
		111A7E7C65F2304DFFA26CB7 /* Pods_demoapp2.framework */ = {isa = PBXFileReference; explicitFileType = wrapper.framework; includeInIndex = 0; path = Pods_demoapp2.framework; sourceTree = BUILT_PRODUCTS_DIR; };
		4C70EE9ADFE26B7F867D3456 /* Pods-demoapp2.release.xcconfig */ = {isa = PBXFileReference; includeInIndex = 1; lastKnownFileType = text.xcconfig; name = "Pods-demoapp2.release.xcconfig"; path = "Pods/Target Support Files/Pods-demoapp2/Pods-demoapp2.release.xcconfig"; sourceTree = "<group>"; };
		AA9A5F2221369660005AF71B /* NetworkTools.swift */ = {isa = PBXFileReference; lastKnownFileType = sourcecode.swift; path = NetworkTools.swift; sourceTree = "<group>"; };
		AA9A5F2521369697005AF71B /* DMAPI.swift */ = {isa = PBXFileReference; lastKnownFileType = sourcecode.swift; path = DMAPI.swift; sourceTree = "<group>"; };
		AA9A5F2621369697005AF71B /* DMModel.swift */ = {isa = PBXFileReference; lastKnownFileType = sourcecode.swift; path = DMModel.swift; sourceTree = "<group>"; };
		AA9A5F28213696BC005AF71B /* TSaveFiles.swift */ = {isa = PBXFileReference; lastKnownFileType = sourcecode.swift; path = TSaveFiles.swift; sourceTree = "<group>"; };
		AA9A5F29213696BD005AF71B /* HttpRequest.swift */ = {isa = PBXFileReference; lastKnownFileType = sourcecode.swift; path = HttpRequest.swift; sourceTree = "<group>"; };
		AA9A5F2A213696BE005AF71B /* TStrInt.swift */ = {isa = PBXFileReference; lastKnownFileType = sourcecode.swift; path = TStrInt.swift; sourceTree = "<group>"; };
		AA9A5F2B213696BF005AF71B /* THUD.swift */ = {isa = PBXFileReference; lastKnownFileType = sourcecode.swift; path = THUD.swift; sourceTree = "<group>"; };
		AA9A5F30213696CE005AF71B /* JRequets.swift */ = {isa = PBXFileReference; lastKnownFileType = sourcecode.swift; path = JRequets.swift; sourceTree = "<group>"; };
		AA9A5F362137DE7B005AF71B /* IntroductionViewController.swift */ = {isa = PBXFileReference; lastKnownFileType = sourcecode.swift; path = IntroductionViewController.swift; sourceTree = "<group>"; };
		AA9A5F392138D8EA005AF71B /* ViewModel.swift */ = {isa = PBXFileReference; lastKnownFileType = sourcecode.swift; path = ViewModel.swift; sourceTree = "<group>"; };
		AA9A5F3C2138DA67005AF71B /* demoapp2-Bridging-Header.h */ = {isa = PBXFileReference; lastKnownFileType = sourcecode.c.h; path = "demoapp2-Bridging-Header.h"; sourceTree = "<group>"; };
		AAFE5F0B2134D987000543DB /* demoapp2.app */ = {isa = PBXFileReference; explicitFileType = wrapper.application; includeInIndex = 0; path = demoapp2.app; sourceTree = BUILT_PRODUCTS_DIR; };
		AAFE5F0E2134D987000543DB /* AppDelegate.swift */ = {isa = PBXFileReference; lastKnownFileType = sourcecode.swift; path = AppDelegate.swift; sourceTree = "<group>"; };
		AAFE5F152134D98A000543DB /* Assets.xcassets */ = {isa = PBXFileReference; lastKnownFileType = folder.assetcatalog; path = Assets.xcassets; sourceTree = "<group>"; };
		AAFE5F182134D98A000543DB /* Base */ = {isa = PBXFileReference; lastKnownFileType = file.storyboard; name = Base; path = Base.lproj/LaunchScreen.storyboard; sourceTree = "<group>"; };
		AAFE5F1A2134D98B000543DB /* Info.plist */ = {isa = PBXFileReference; lastKnownFileType = text.plist.xml; path = Info.plist; sourceTree = "<group>"; };
		AAFE5F8A21352524000543DB /* PPTabBarController.swift */ = {isa = PBXFileReference; fileEncoding = 4; lastKnownFileType = sourcecode.swift; path = PPTabBarController.swift; sourceTree = "<group>"; };
		AAFE5F8D2135256C000543DB /* PPViewController1.xib */ = {isa = PBXFileReference; fileEncoding = 4; lastKnownFileType = file.xib; path = PPViewController1.xib; sourceTree = "<group>"; };
		AAFE5F8E2135256C000543DB /* PPViewController3.swift */ = {isa = PBXFileReference; fileEncoding = 4; lastKnownFileType = sourcecode.swift; path = PPViewController3.swift; sourceTree = "<group>"; };
		AAFE5F8F2135256D000543DB /* PPViewController4.swift */ = {isa = PBXFileReference; fileEncoding = 4; lastKnownFileType = sourcecode.swift; path = PPViewController4.swift; sourceTree = "<group>"; };
		AAFE5F902135256D000543DB /* PPViewController1.swift */ = {isa = PBXFileReference; fileEncoding = 4; lastKnownFileType = sourcecode.swift; path = PPViewController1.swift; sourceTree = "<group>"; };
		AAFE5F912135256D000543DB /* PPViewController2.swift */ = {isa = PBXFileReference; fileEncoding = 4; lastKnownFileType = sourcecode.swift; path = PPViewController2.swift; sourceTree = "<group>"; };
		D9C1DE23B9919175F2A928AE /* Pods-demoapp2.debug.xcconfig */ = {isa = PBXFileReference; includeInIndex = 1; lastKnownFileType = text.xcconfig; name = "Pods-demoapp2.debug.xcconfig"; path = "Pods/Target Support Files/Pods-demoapp2/Pods-demoapp2.debug.xcconfig"; sourceTree = "<group>"; };
/* End PBXFileReference section */

/* Begin PBXFrameworksBuildPhase section */
		AAFE5F082134D987000543DB /* Frameworks */ = {
			isa = PBXFrameworksBuildPhase;
			buildActionMask = 2147483647;
			files = (
				BD48EA4B9ABCC911DB296A81 /* Pods_demoapp2.framework in Frameworks */,
			);
			runOnlyForDeploymentPostprocessing = 0;
		};
/* End PBXFrameworksBuildPhase section */

/* Begin PBXGroup section */
		AA9A5F33213698B9005AF71B /* net */ = {
			isa = PBXGroup;
			children = (
				AA9A5F2521369697005AF71B /* DMAPI.swift */,
				AA9A5F30213696CE005AF71B /* JRequets.swift */,
				AA9A5F29213696BD005AF71B /* HttpRequest.swift */,
				AA9A5F2B213696BF005AF71B /* THUD.swift */,
				AA9A5F28213696BC005AF71B /* TSaveFiles.swift */,
				AA9A5F2A213696BE005AF71B /* TStrInt.swift */,
				AA9A5F2621369697005AF71B /* DMModel.swift */,
				AA9A5F2221369660005AF71B /* NetworkTools.swift */,
			);
			path = net;
			sourceTree = "<group>";
		};
		AA9A5F382138D8CE005AF71B /* remesh */ = {
			isa = PBXGroup;
			children = (
				AA9A5F392138D8EA005AF71B /* ViewModel.swift */,
			);
			path = remesh;
			sourceTree = "<group>";
		};
		AA9A5F3B2138DA51005AF71B /* oc */ = {
			isa = PBXGroup;
			children = (
				AA9A5F3C2138DA67005AF71B /* demoapp2-Bridging-Header.h */,
			);
			path = oc;
			sourceTree = "<group>";
		};
		AAFE5F022134D987000543DB = {
			isa = PBXGroup;
			children = (
				AAFE5F0D2134D987000543DB /* demoapp2 */,
				AAFE5F0C2134D987000543DB /* Products */,
				C5A1627892836F04CEA7946E /* Pods */,
				B1525EF57D8BF9134363D689 /* Frameworks */,
			);
			sourceTree = "<group>";
		};
		AAFE5F0C2134D987000543DB /* Products */ = {
			isa = PBXGroup;
			children = (
				AAFE5F0B2134D987000543DB /* demoapp2.app */,
			);
			name = Products;
			sourceTree = "<group>";
		};
		AAFE5F0D2134D987000543DB /* demoapp2 */ = {
			isa = PBXGroup;
			children = (
				AAFE5F8C2135254C000543DB /* class */,
				AAFE5F152134D98A000543DB /* Assets.xcassets */,
				AAFE5F172134D98A000543DB /* LaunchScreen.storyboard */,
				AAFE5F1A2134D98B000543DB /* Info.plist */,
			);
			path = demoapp2;
			sourceTree = "<group>";
		};
		AAFE5F8C2135254C000543DB /* class */ = {
			isa = PBXGroup;
			children = (
				AA9A5F3B2138DA51005AF71B /* oc */,
				AAFE5F9821352963000543DB /* controller */,
				AAFE5F972135295D000543DB /* main */,
			);
			path = class;
			sourceTree = "<group>";
		};
		AAFE5F972135295D000543DB /* main */ = {
			isa = PBXGroup;
			children = (
				AAFE5F0E2134D987000543DB /* AppDelegate.swift */,
				AAFE5F8A21352524000543DB /* PPTabBarController.swift */,
			);
			path = main;
			sourceTree = "<group>";
		};
		AAFE5F9821352963000543DB /* controller */ = {
			isa = PBXGroup;
			children = (
				AA9A5F382138D8CE005AF71B /* remesh */,
				AA9A5F33213698B9005AF71B /* net */,
				AAFE5F902135256D000543DB /* PPViewController1.swift */,
				AAFE5F8D2135256C000543DB /* PPViewController1.xib */,
				AAFE5F912135256D000543DB /* PPViewController2.swift */,
				AAFE5F8E2135256C000543DB /* PPViewController3.swift */,
				AAFE5F8F2135256D000543DB /* PPViewController4.swift */,
				AA9A5F362137DE7B005AF71B /* IntroductionViewController.swift */,
			);
			path = controller;
			sourceTree = "<group>";
		};
		B1525EF57D8BF9134363D689 /* Frameworks */ = {
			isa = PBXGroup;
			children = (
				111A7E7C65F2304DFFA26CB7 /* Pods_demoapp2.framework */,
			);
			name = Frameworks;
			sourceTree = "<group>";
		};
		C5A1627892836F04CEA7946E /* Pods */ = {
			isa = PBXGroup;
			children = (
				D9C1DE23B9919175F2A928AE /* Pods-demoapp2.debug.xcconfig */,
				4C70EE9ADFE26B7F867D3456 /* Pods-demoapp2.release.xcconfig */,
			);
			name = Pods;
			sourceTree = "<group>";
		};
/* End PBXGroup section */

/* Begin PBXNativeTarget section */
		AAFE5F0A2134D987000543DB /* demoapp2 */ = {
			isa = PBXNativeTarget;
			buildConfigurationList = AAFE5F1D2134D98B000543DB /* Build configuration list for PBXNativeTarget "demoapp2" */;
			buildPhases = (
				4EEF898325ACDC1348C627B9 /* [CP] Check Pods Manifest.lock */,
				AAFE5F072134D987000543DB /* Sources */,
				AAFE5F082134D987000543DB /* Frameworks */,
				AAFE5F092134D987000543DB /* Resources */,
				B5C20B6ADC306970F5AFC9B1 /* [CP] Embed Pods Frameworks */,
			);
			buildRules = (
			);
			dependencies = (
			);
			name = demoapp2;
			productName = demoapp2;
			productReference = AAFE5F0B2134D987000543DB /* demoapp2.app */;
			productType = "com.apple.product-type.application";
		};
/* End PBXNativeTarget section */

/* Begin PBXProject section */
		AAFE5F032134D987000543DB /* Project object */ = {
			isa = PBXProject;
			attributes = {
				LastSwiftUpdateCheck = 0940;
				LastUpgradeCheck = 0940;
				ORGANIZATIONNAME = shinaimeng;
				TargetAttributes = {
					AAFE5F0A2134D987000543DB = {
						CreatedOnToolsVersion = 9.4.1;
						LastSwiftMigration = 0940;
					};
				};
			};
			buildConfigurationList = AAFE5F062134D987000543DB /* Build configuration list for PBXProject "demoapp2" */;
			compatibilityVersion = "Xcode 9.3";
			developmentRegion = en;
			hasScannedForEncodings = 0;
			knownRegions = (
				en,
				Base,
			);
			mainGroup = AAFE5F022134D987000543DB;
			productRefGroup = AAFE5F0C2134D987000543DB /* Products */;
			projectDirPath = "";
			projectRoot = "";
			targets = (
				AAFE5F0A2134D987000543DB /* demoapp2 */,
			);
		};
/* End PBXProject section */

/* Begin PBXResourcesBuildPhase section */
		AAFE5F092134D987000543DB /* Resources */ = {
			isa = PBXResourcesBuildPhase;
			buildActionMask = 2147483647;
			files = (
				AAFE5F192134D98A000543DB /* LaunchScreen.storyboard in Resources */,
				AAFE5F162134D98A000543DB /* Assets.xcassets in Resources */,
				AAFE5F922135256D000543DB /* PPViewController1.xib in Resources */,
			);
			runOnlyForDeploymentPostprocessing = 0;
		};
/* End PBXResourcesBuildPhase section */

/* Begin PBXShellScriptBuildPhase section */
		4EEF898325ACDC1348C627B9 /* [CP] Check Pods Manifest.lock */ = {
			isa = PBXShellScriptBuildPhase;
			buildActionMask = 2147483647;
			files = (
			);
			inputPaths = (
				"${PODS_PODFILE_DIR_PATH}/Podfile.lock",
				"${PODS_ROOT}/Manifest.lock",
			);
			name = "[CP] Check Pods Manifest.lock";
			outputPaths = (
				"$(DERIVED_FILE_DIR)/Pods-demoapp2-checkManifestLockResult.txt",
			);
			runOnlyForDeploymentPostprocessing = 0;
			shellPath = /bin/sh;
			shellScript = "diff \"${PODS_PODFILE_DIR_PATH}/Podfile.lock\" \"${PODS_ROOT}/Manifest.lock\" > /dev/null\nif [ $? != 0 ] ; then\n    # print error to STDERR\n    echo \"error: The sandbox is not in sync with the Podfile.lock. Run 'pod install' or update your CocoaPods installation.\" >&2\n    exit 1\nfi\n# This output is used by Xcode 'outputs' to avoid re-running this script phase.\necho \"SUCCESS\" > \"${SCRIPT_OUTPUT_FILE_0}\"\n";
			showEnvVarsInLog = 0;
		};
		B5C20B6ADC306970F5AFC9B1 /* [CP] Embed Pods Frameworks */ = {
			isa = PBXShellScriptBuildPhase;
			buildActionMask = 2147483647;
			files = (
			);
			inputPaths = (
				"${SRCROOT}/Pods/Target Support Files/Pods-demoapp2/Pods-demoapp2-frameworks.sh",
				"${BUILT_PRODUCTS_DIR}/Alamofire/Alamofire.framework",
				"${BUILT_PRODUCTS_DIR}/MBProgressHUD/MBProgressHUD.framework",
				"${BUILT_PRODUCTS_DIR}/MJRefresh/MJRefresh.framework",
				"${BUILT_PRODUCTS_DIR}/Moya/Moya.framework",
				"${BUILT_PRODUCTS_DIR}/Result/Result.framework",
			);
			name = "[CP] Embed Pods Frameworks";
			outputPaths = (
				"${TARGET_BUILD_DIR}/${FRAMEWORKS_FOLDER_PATH}/Alamofire.framework",
				"${TARGET_BUILD_DIR}/${FRAMEWORKS_FOLDER_PATH}/MBProgressHUD.framework",
				"${TARGET_BUILD_DIR}/${FRAMEWORKS_FOLDER_PATH}/MJRefresh.framework",
				"${TARGET_BUILD_DIR}/${FRAMEWORKS_FOLDER_PATH}/Moya.framework",
				"${TARGET_BUILD_DIR}/${FRAMEWORKS_FOLDER_PATH}/Result.framework",
			);
			runOnlyForDeploymentPostprocessing = 0;
			shellPath = /bin/sh;
			shellScript = "\"${SRCROOT}/Pods/Target Support Files/Pods-demoapp2/Pods-demoapp2-frameworks.sh\"\n";
			showEnvVarsInLog = 0;
		};
/* End PBXShellScriptBuildPhase section */

/* Begin PBXSourcesBuildPhase section */
		AAFE5F072134D987000543DB /* Sources */ = {
			isa = PBXSourcesBuildPhase;
			buildActionMask = 2147483647;
			files = (
				AA9A5F2321369660005AF71B /* NetworkTools.swift in Sources */,
				AA9A5F372137DE7B005AF71B /* IntroductionViewController.swift in Sources */,
				AA9A5F2D213696BF005AF71B /* HttpRequest.swift in Sources */,
				AAFE5F952135256D000543DB /* PPViewController1.swift in Sources */,
				AA9A5F27213696A9005AF71B /* DMModel.swift in Sources */,
				AAFE5F932135256D000543DB /* PPViewController3.swift in Sources */,
				AA9A5F3A2138D8EA005AF71B /* ViewModel.swift in Sources */,
				AAFE5F942135256D000543DB /* PPViewController4.swift in Sources */,
				AAFE5F0F2134D987000543DB /* AppDelegate.swift in Sources */,
				AAFE5F962135256D000543DB /* PPViewController2.swift in Sources */,
				AAFE5F8B21352524000543DB /* PPTabBarController.swift in Sources */,
				AA9A5F2E213696BF005AF71B /* TStrInt.swift in Sources */,
				AA9A5F2F213696BF005AF71B /* THUD.swift in Sources */,
				AA9A5F32213696D4005AF71B /* DMAPI.swift in Sources */,
				AA9A5F2C213696BF005AF71B /* TSaveFiles.swift in Sources */,
				AA9A5F31213696CE005AF71B /* JRequets.swift in Sources */,
			);
			runOnlyForDeploymentPostprocessing = 0;
		};
/* End PBXSourcesBuildPhase section */

/* Begin PBXVariantGroup section */
		AAFE5F172134D98A000543DB /* LaunchScreen.storyboard */ = {
			isa = PBXVariantGroup;
			children = (
				AAFE5F182134D98A000543DB /* Base */,
			);
			name = LaunchScreen.storyboard;
			sourceTree = "<group>";
		};
/* End PBXVariantGroup section */

/* Begin XCBuildConfiguration section */
		AAFE5F1B2134D98B000543DB /* Debug */ = {
			isa = XCBuildConfiguration;
			buildSettings = {
				ALWAYS_SEARCH_USER_PATHS = NO;
				CLANG_ANALYZER_NONNULL = YES;
				CLANG_ANALYZER_NUMBER_OBJECT_CONVERSION = YES_AGGRESSIVE;
				CLANG_CXX_LANGUAGE_STANDARD = "gnu++14";
				CLANG_CXX_LIBRARY = "libc++";
				CLANG_ENABLE_MODULES = YES;
				CLANG_ENABLE_OBJC_ARC = YES;
				CLANG_ENABLE_OBJC_WEAK = YES;
				CLANG_WARN_BLOCK_CAPTURE_AUTORELEASING = YES;
				CLANG_WARN_BOOL_CONVERSION = YES;
				CLANG_WARN_COMMA = YES;
				CLANG_WARN_CONSTANT_CONVERSION = YES;
				CLANG_WARN_DEPRECATED_OBJC_IMPLEMENTATIONS = YES;
				CLANG_WARN_DIRECT_OBJC_ISA_USAGE = YES_ERROR;
				CLANG_WARN_DOCUMENTATION_COMMENTS = YES;
				CLANG_WARN_EMPTY_BODY = YES;
				CLANG_WARN_ENUM_CONVERSION = YES;
				CLANG_WARN_INFINITE_RECURSION = YES;
				CLANG_WARN_INT_CONVERSION = YES;
				CLANG_WARN_NON_LITERAL_NULL_CONVERSION = YES;
				CLANG_WARN_OBJC_IMPLICIT_RETAIN_SELF = YES;
				CLANG_WARN_OBJC_LITERAL_CONVERSION = YES;
				CLANG_WARN_OBJC_ROOT_CLASS = YES_ERROR;
				CLANG_WARN_RANGE_LOOP_ANALYSIS = YES;
				CLANG_WARN_STRICT_PROTOTYPES = YES;
				CLANG_WARN_SUSPICIOUS_MOVE = YES;
				CLANG_WARN_UNGUARDED_AVAILABILITY = YES_AGGRESSIVE;
				CLANG_WARN_UNREACHABLE_CODE = YES;
				CLANG_WARN__DUPLICATE_METHOD_MATCH = YES;
				CODE_SIGN_IDENTITY = "iPhone Developer";
				COPY_PHASE_STRIP = NO;
				DEBUG_INFORMATION_FORMAT = dwarf;
				ENABLE_STRICT_OBJC_MSGSEND = YES;
				ENABLE_TESTABILITY = YES;
				GCC_C_LANGUAGE_STANDARD = gnu11;
				GCC_DYNAMIC_NO_PIC = NO;
				GCC_NO_COMMON_BLOCKS = YES;
				GCC_OPTIMIZATION_LEVEL = 0;
				GCC_PREPROCESSOR_DEFINITIONS = (
					"DEBUG=1",
					"$(inherited)",
				);
				GCC_WARN_64_TO_32_BIT_CONVERSION = YES;
				GCC_WARN_ABOUT_RETURN_TYPE = YES_ERROR;
				GCC_WARN_UNDECLARED_SELECTOR = YES;
				GCC_WARN_UNINITIALIZED_AUTOS = YES_AGGRESSIVE;
				GCC_WARN_UNUSED_FUNCTION = YES;
				GCC_WARN_UNUSED_VARIABLE = YES;
				IPHONEOS_DEPLOYMENT_TARGET = 11.4;
				MTL_ENABLE_DEBUG_INFO = YES;
				ONLY_ACTIVE_ARCH = YES;
				SDKROOT = iphoneos;
				SWIFT_ACTIVE_COMPILATION_CONDITIONS = DEBUG;
				SWIFT_OPTIMIZATION_LEVEL = "-Onone";
			};
			name = Debug;
		};
		AAFE5F1C2134D98B000543DB /* Release */ = {
			isa = XCBuildConfiguration;
			buildSettings = {
				ALWAYS_SEARCH_USER_PATHS = NO;
				CLANG_ANALYZER_NONNULL = YES;
				CLANG_ANALYZER_NUMBER_OBJECT_CONVERSION = YES_AGGRESSIVE;
				CLANG_CXX_LANGUAGE_STANDARD = "gnu++14";
				CLANG_CXX_LIBRARY = "libc++";
				CLANG_ENABLE_MODULES = YES;
				CLANG_ENABLE_OBJC_ARC = YES;
				CLANG_ENABLE_OBJC_WEAK = YES;
				CLANG_WARN_BLOCK_CAPTURE_AUTORELEASING = YES;
				CLANG_WARN_BOOL_CONVERSION = YES;
				CLANG_WARN_COMMA = YES;
				CLANG_WARN_CONSTANT_CONVERSION = YES;
				CLANG_WARN_DEPRECATED_OBJC_IMPLEMENTATIONS = YES;
				CLANG_WARN_DIRECT_OBJC_ISA_USAGE = YES_ERROR;
				CLANG_WARN_DOCUMENTATION_COMMENTS = YES;
				CLANG_WARN_EMPTY_BODY = YES;
				CLANG_WARN_ENUM_CONVERSION = YES;
				CLANG_WARN_INFINITE_RECURSION = YES;
				CLANG_WARN_INT_CONVERSION = YES;
				CLANG_WARN_NON_LITERAL_NULL_CONVERSION = YES;
				CLANG_WARN_OBJC_IMPLICIT_RETAIN_SELF = YES;
				CLANG_WARN_OBJC_LITERAL_CONVERSION = YES;
				CLANG_WARN_OBJC_ROOT_CLASS = YES_ERROR;
				CLANG_WARN_RANGE_LOOP_ANALYSIS = YES;
				CLANG_WARN_STRICT_PROTOTYPES = YES;
				CLANG_WARN_SUSPICIOUS_MOVE = YES;
				CLANG_WARN_UNGUARDED_AVAILABILITY = YES_AGGRESSIVE;
				CLANG_WARN_UNREACHABLE_CODE = YES;
				CLANG_WARN__DUPLICATE_METHOD_MATCH = YES;
				CODE_SIGN_IDENTITY = "iPhone Developer";
				COPY_PHASE_STRIP = NO;
				DEBUG_INFORMATION_FORMAT = "dwarf-with-dsym";
				ENABLE_NS_ASSERTIONS = NO;
				ENABLE_STRICT_OBJC_MSGSEND = YES;
				GCC_C_LANGUAGE_STANDARD = gnu11;
				GCC_NO_COMMON_BLOCKS = YES;
				GCC_WARN_64_TO_32_BIT_CONVERSION = YES;
				GCC_WARN_ABOUT_RETURN_TYPE = YES_ERROR;
				GCC_WARN_UNDECLARED_SELECTOR = YES;
				GCC_WARN_UNINITIALIZED_AUTOS = YES_AGGRESSIVE;
				GCC_WARN_UNUSED_FUNCTION = YES;
				GCC_WARN_UNUSED_VARIABLE = YES;
				IPHONEOS_DEPLOYMENT_TARGET = 11.4;
				MTL_ENABLE_DEBUG_INFO = NO;
				SDKROOT = iphoneos;
				SWIFT_COMPILATION_MODE = wholemodule;
				SWIFT_OPTIMIZATION_LEVEL = "-O";
				VALIDATE_PRODUCT = YES;
			};
			name = Release;
		};
		AAFE5F1E2134D98B000543DB /* Debug */ = {
			isa = XCBuildConfiguration;
			baseConfigurationReference = D9C1DE23B9919175F2A928AE /* Pods-demoapp2.debug.xcconfig */;
			buildSettings = {
				ASSETCATALOG_COMPILER_APPICON_NAME = AppIcon;
				CLANG_ENABLE_MODULES = YES;
				CODE_SIGN_STYLE = Automatic;
				DEVELOPMENT_TEAM = GA9YQQXAZ2;
				INFOPLIST_FILE = demoapp2/Info.plist;
				LD_RUNPATH_SEARCH_PATHS = (
					"$(inherited)",
					"@executable_path/Frameworks",
				);
				PRODUCT_BUNDLE_IDENTIFIER = com.demo.demoapp2;
				PRODUCT_NAME = "$(TARGET_NAME)";
				SWIFT_OBJC_BRIDGING_HEADER = "demoapp2/class/oc/demoapp2-Bridging-Header.h";
				SWIFT_OPTIMIZATION_LEVEL = "-Onone";
				SWIFT_VERSION = 4.0;
				TARGETED_DEVICE_FAMILY = "1,2";
			};
			name = Debug;
		};
		AAFE5F1F2134D98B000543DB /* Release */ = {
			isa = XCBuildConfiguration;
			baseConfigurationReference = 4C70EE9ADFE26B7F867D3456 /* Pods-demoapp2.release.xcconfig */;
			buildSettings = {
				ASSETCATALOG_COMPILER_APPICON_NAME = AppIcon;
				CLANG_ENABLE_MODULES = YES;
				CODE_SIGN_STYLE = Automatic;
				DEVELOPMENT_TEAM = GA9YQQXAZ2;
				INFOPLIST_FILE = demoapp2/Info.plist;
				LD_RUNPATH_SEARCH_PATHS = (
					"$(inherited)",
					"@executable_path/Frameworks",
				);
				PRODUCT_BUNDLE_IDENTIFIER = com.demo.demoapp2;
				PRODUCT_NAME = "$(TARGET_NAME)";
				SWIFT_OBJC_BRIDGING_HEADER = "demoapp2/class/oc/demoapp2-Bridging-Header.h";
				SWIFT_VERSION = 4.0;
				TARGETED_DEVICE_FAMILY = "1,2";
			};
			name = Release;
		};
/* End XCBuildConfiguration section */

/* Begin XCConfigurationList section */
		AAFE5F062134D987000543DB /* Build configuration list for PBXProject "demoapp2" */ = {
			isa = XCConfigurationList;
			buildConfigurations = (
				AAFE5F1B2134D98B000543DB /* Debug */,
				AAFE5F1C2134D98B000543DB /* Release */,
			);
			defaultConfigurationIsVisible = 0;
			defaultConfigurationName = Release;
		};
		AAFE5F1D2134D98B000543DB /* Build configuration list for PBXNativeTarget "demoapp2" */ = {
			isa = XCConfigurationList;
			buildConfigurations = (
				AAFE5F1E2134D98B000543DB /* Debug */,
				AAFE5F1F2134D98B000543DB /* Release */,
			);
			defaultConfigurationIsVisible = 0;
			defaultConfigurationName = Release;
		};
/* End XCConfigurationList section */
	};
	rootObject = AAFE5F032134D987000543DB /* Project object */;
}
