// !$*UTF8*$!
{
	archiveVersion = 1;
	classes = {
	};
	objectVersion = 50;
	objects = {

/* Begin PBXBuildFile section */
		AAFE5ED4212FED72000543DB /* AppDelegate.swift in Sources */ = {isa = PBXBuildFile; fileRef = AAFE5ED3212FED72000543DB /* AppDelegate.swift */; };
		AAFE5ED9212FED72000543DB /* Main.storyboard in Resources */ = {isa = PBXBuildFile; fileRef = AAFE5ED7212FED72000543DB /* Main.storyboard */; };
		AAFE5EDB212FED76000543DB /* Assets.xcassets in Resources */ = {isa = PBXBuildFile; fileRef = AAFE5EDA212FED76000543DB /* Assets.xcassets */; };
		AAFE5EDE212FED76000543DB /* LaunchScreen.storyboard in Resources */ = {isa = PBXBuildFile; fileRef = AAFE5EDC212FED76000543DB /* LaunchScreen.storyboard */; };
		AAFE5EE9212FEEEB000543DB /* LoginViewController.swift in Sources */ = {isa = PBXBuildFile; fileRef = AAFE5EE8212FEEEB000543DB /* LoginViewController.swift */; };
		AAFE5EEB212FEEF9000543DB /* AddViewController.swift in Sources */ = {isa = PBXBuildFile; fileRef = AAFE5EEA212FEEF9000543DB /* AddViewController.swift */; };
		AAFE5EED212FEF04000543DB /* EditViewController.swift in Sources */ = {isa = PBXBuildFile; fileRef = AAFE5EEC212FEF04000543DB /* EditViewController.swift */; };
		AAFE5EEF212FEF1E000543DB /* IndexTableViewController.swift in Sources */ = {isa = PBXBuildFile; fileRef = AAFE5EEE212FEF1E000543DB /* IndexTableViewController.swift */; };
		AAFE5EFA213004B3000543DB /* MBProgressHUD.m in Sources */ = {isa = PBXBuildFile; fileRef = AAFE5EF8213004B3000543DB /* MBProgressHUD.m */; };
		AAFE5EFF213395D4000543DB /* People.swift in Sources */ = {isa = PBXBuildFile; fileRef = AAFE5EFE213395D4000543DB /* People.swift */; };
		AAFE5F012133A030000543DB /* PeopleDelegate.swift in Sources */ = {isa = PBXBuildFile; fileRef = AAFE5F002133A030000543DB /* PeopleDelegate.swift */; };
/* End PBXBuildFile section */

/* Begin PBXFileReference section */
		AAFE5ED0212FED72000543DB /* demoapp1.app */ = {isa = PBXFileReference; explicitFileType = wrapper.application; includeInIndex = 0; path = demoapp1.app; sourceTree = BUILT_PRODUCTS_DIR; };
		AAFE5ED3212FED72000543DB /* AppDelegate.swift */ = {isa = PBXFileReference; lastKnownFileType = sourcecode.swift; path = AppDelegate.swift; sourceTree = "<group>"; };
		AAFE5ED8212FED72000543DB /* Base */ = {isa = PBXFileReference; lastKnownFileType = file.storyboard; name = Base; path = Base.lproj/Main.storyboard; sourceTree = "<group>"; };
		AAFE5EDA212FED76000543DB /* Assets.xcassets */ = {isa = PBXFileReference; lastKnownFileType = folder.assetcatalog; path = Assets.xcassets; sourceTree = "<group>"; };
		AAFE5EDD212FED76000543DB /* Base */ = {isa = PBXFileReference; lastKnownFileType = file.storyboard; name = Base; path = Base.lproj/LaunchScreen.storyboard; sourceTree = "<group>"; };
		AAFE5EDF212FED76000543DB /* Info.plist */ = {isa = PBXFileReference; lastKnownFileType = text.plist.xml; path = Info.plist; sourceTree = "<group>"; };
		AAFE5EE8212FEEEB000543DB /* LoginViewController.swift */ = {isa = PBXFileReference; lastKnownFileType = sourcecode.swift; path = LoginViewController.swift; sourceTree = "<group>"; };
		AAFE5EEA212FEEF9000543DB /* AddViewController.swift */ = {isa = PBXFileReference; lastKnownFileType = sourcecode.swift; path = AddViewController.swift; sourceTree = "<group>"; };
		AAFE5EEC212FEF04000543DB /* EditViewController.swift */ = {isa = PBXFileReference; lastKnownFileType = sourcecode.swift; path = EditViewController.swift; sourceTree = "<group>"; };
		AAFE5EEE212FEF1E000543DB /* IndexTableViewController.swift */ = {isa = PBXFileReference; lastKnownFileType = sourcecode.swift; path = IndexTableViewController.swift; sourceTree = "<group>"; };
		AAFE5EF421300482000543DB /* demoapp1-Bridging-Header.h */ = {isa = PBXFileReference; lastKnownFileType = sourcecode.c.h; path = "demoapp1-Bridging-Header.h"; sourceTree = "<group>"; };
		AAFE5EF8213004B3000543DB /* MBProgressHUD.m */ = {isa = PBXFileReference; fileEncoding = 4; lastKnownFileType = sourcecode.c.objc; path = MBProgressHUD.m; sourceTree = "<group>"; };
		AAFE5EF9213004B3000543DB /* MBProgressHUD.h */ = {isa = PBXFileReference; fileEncoding = 4; lastKnownFileType = sourcecode.c.h; path = MBProgressHUD.h; sourceTree = "<group>"; };
		AAFE5EFE213395D4000543DB /* People.swift */ = {isa = PBXFileReference; lastKnownFileType = sourcecode.swift; path = People.swift; sourceTree = "<group>"; };
		AAFE5F002133A030000543DB /* PeopleDelegate.swift */ = {isa = PBXFileReference; lastKnownFileType = sourcecode.swift; path = PeopleDelegate.swift; sourceTree = "<group>"; };
/* End PBXFileReference section */

/* Begin PBXFrameworksBuildPhase section */
		AAFE5ECD212FED72000543DB /* Frameworks */ = {
			isa = PBXFrameworksBuildPhase;
			buildActionMask = 2147483647;
			files = (
			);
			runOnlyForDeploymentPostprocessing = 0;
		};
/* End PBXFrameworksBuildPhase section */

/* Begin PBXGroup section */
		AAFE5EC7212FED72000543DB = {
			isa = PBXGroup;
			children = (
				AAFE5ED2212FED72000543DB /* demoapp1 */,
				AAFE5ED1212FED72000543DB /* Products */,
			);
			sourceTree = "<group>";
		};
		AAFE5ED1212FED72000543DB /* Products */ = {
			isa = PBXGroup;
			children = (
				AAFE5ED0212FED72000543DB /* demoapp1.app */,
			);
			name = Products;
			sourceTree = "<group>";
		};
		AAFE5ED2212FED72000543DB /* demoapp1 */ = {
			isa = PBXGroup;
			children = (
				AAFE5EE7212FED95000543DB /* model */,
				AAFE5EE6212FED8F000543DB /* oc */,
				AAFE5EE5212FED84000543DB /* controller */,
				AAFE5ED3212FED72000543DB /* AppDelegate.swift */,
				AAFE5ED7212FED72000543DB /* Main.storyboard */,
				AAFE5EDA212FED76000543DB /* Assets.xcassets */,
				AAFE5EDC212FED76000543DB /* LaunchScreen.storyboard */,
				AAFE5EDF212FED76000543DB /* Info.plist */,
			);
			path = demoapp1;
			sourceTree = "<group>";
		};
		AAFE5EE5212FED84000543DB /* controller */ = {
			isa = PBXGroup;
			children = (
				AAFE5EE8212FEEEB000543DB /* LoginViewController.swift */,
				AAFE5EEA212FEEF9000543DB /* AddViewController.swift */,
				AAFE5EEC212FEF04000543DB /* EditViewController.swift */,
				AAFE5EEE212FEF1E000543DB /* IndexTableViewController.swift */,
			);
			path = controller;
			sourceTree = "<group>";
		};
		AAFE5EE6212FED8F000543DB /* oc */ = {
			isa = PBXGroup;
			children = (
				AAFE5EF9213004B3000543DB /* MBProgressHUD.h */,
				AAFE5EF8213004B3000543DB /* MBProgressHUD.m */,
				AAFE5EF421300482000543DB /* demoapp1-Bridging-Header.h */,
			);
			path = oc;
			sourceTree = "<group>";
		};
		AAFE5EE7212FED95000543DB /* model */ = {
			isa = PBXGroup;
			children = (
				AAFE5EFE213395D4000543DB /* People.swift */,
				AAFE5F002133A030000543DB /* PeopleDelegate.swift */,
			);
			path = model;
			sourceTree = "<group>";
		};
/* End PBXGroup section */

/* Begin PBXNativeTarget section */
		AAFE5ECF212FED72000543DB /* demoapp1 */ = {
			isa = PBXNativeTarget;
			buildConfigurationList = AAFE5EE2212FED76000543DB /* Build configuration list for PBXNativeTarget "demoapp1" */;
			buildPhases = (
				AAFE5ECC212FED72000543DB /* Sources */,
				AAFE5ECD212FED72000543DB /* Frameworks */,
				AAFE5ECE212FED72000543DB /* Resources */,
			);
			buildRules = (
			);
			dependencies = (
			);
			name = demoapp1;
			productName = demoapp1;
			productReference = AAFE5ED0212FED72000543DB /* demoapp1.app */;
			productType = "com.apple.product-type.application";
		};
/* End PBXNativeTarget section */

/* Begin PBXProject section */
		AAFE5EC8212FED72000543DB /* Project object */ = {
			isa = PBXProject;
			attributes = {
				LastSwiftUpdateCheck = 0940;
				LastUpgradeCheck = 0940;
				ORGANIZATIONNAME = shinaimeng;
				TargetAttributes = {
					AAFE5ECF212FED72000543DB = {
						CreatedOnToolsVersion = 9.4.1;
						LastSwiftMigration = 0940;
					};
				};
			};
			buildConfigurationList = AAFE5ECB212FED72000543DB /* Build configuration list for PBXProject "demoapp1" */;
			compatibilityVersion = "Xcode 9.3";
			developmentRegion = en;
			hasScannedForEncodings = 0;
			knownRegions = (
				en,
				Base,
			);
			mainGroup = AAFE5EC7212FED72000543DB;
			productRefGroup = AAFE5ED1212FED72000543DB /* Products */;
			projectDirPath = "";
			projectRoot = "";
			targets = (
				AAFE5ECF212FED72000543DB /* demoapp1 */,
			);
		};
/* End PBXProject section */

/* Begin PBXResourcesBuildPhase section */
		AAFE5ECE212FED72000543DB /* Resources */ = {
			isa = PBXResourcesBuildPhase;
			buildActionMask = 2147483647;
			files = (
				AAFE5EDE212FED76000543DB /* LaunchScreen.storyboard in Resources */,
				AAFE5EDB212FED76000543DB /* Assets.xcassets in Resources */,
				AAFE5ED9212FED72000543DB /* Main.storyboard in Resources */,
			);
			runOnlyForDeploymentPostprocessing = 0;
		};
/* End PBXResourcesBuildPhase section */

/* Begin PBXSourcesBuildPhase section */
		AAFE5ECC212FED72000543DB /* Sources */ = {
			isa = PBXSourcesBuildPhase;
			buildActionMask = 2147483647;
			files = (
				AAFE5EEF212FEF1E000543DB /* IndexTableViewController.swift in Sources */,
				AAFE5EED212FEF04000543DB /* EditViewController.swift in Sources */,
				AAFE5EE9212FEEEB000543DB /* LoginViewController.swift in Sources */,
				AAFE5ED4212FED72000543DB /* AppDelegate.swift in Sources */,
				AAFE5EEB212FEEF9000543DB /* AddViewController.swift in Sources */,
				AAFE5EFA213004B3000543DB /* MBProgressHUD.m in Sources */,
				AAFE5EFF213395D4000543DB /* People.swift in Sources */,
				AAFE5F012133A030000543DB /* PeopleDelegate.swift in Sources */,
			);
			runOnlyForDeploymentPostprocessing = 0;
		};
/* End PBXSourcesBuildPhase section */

/* Begin PBXVariantGroup section */
		AAFE5ED7212FED72000543DB /* Main.storyboard */ = {
			isa = PBXVariantGroup;
			children = (
				AAFE5ED8212FED72000543DB /* Base */,
			);
			name = Main.storyboard;
			sourceTree = "<group>";
		};
		AAFE5EDC212FED76000543DB /* LaunchScreen.storyboard */ = {
			isa = PBXVariantGroup;
			children = (
				AAFE5EDD212FED76000543DB /* Base */,
			);
			name = LaunchScreen.storyboard;
			sourceTree = "<group>";
		};
/* End PBXVariantGroup section */

/* Begin XCBuildConfiguration section */
		AAFE5EE0212FED76000543DB /* Debug */ = {
			isa = XCBuildConfiguration;
			buildSettings = {
				ALWAYS_SEARCH_USER_PATHS = NO;
				CLANG_ANALYZER_NONNULL = YES;
				CLANG_ANALYZER_NUMBER_OBJECT_CONVERSION = YES_AGGRESSIVE;
				CLANG_CXX_LANGUAGE_STANDARD = "gnu++14";
				CLANG_CXX_LIBRARY = "libc++";
				CLANG_ENABLE_MODULES = YES;
				CLANG_ENABLE_OBJC_ARC = YES;
				CLANG_ENABLE_OBJC_WEAK = YES;
				CLANG_WARN_BLOCK_CAPTURE_AUTORELEASING = YES;
				CLANG_WARN_BOOL_CONVERSION = YES;
				CLANG_WARN_COMMA = YES;
				CLANG_WARN_CONSTANT_CONVERSION = YES;
				CLANG_WARN_DEPRECATED_OBJC_IMPLEMENTATIONS = YES;
				CLANG_WARN_DIRECT_OBJC_ISA_USAGE = YES_ERROR;
				CLANG_WARN_DOCUMENTATION_COMMENTS = YES;
				CLANG_WARN_EMPTY_BODY = YES;
				CLANG_WARN_ENUM_CONVERSION = YES;
				CLANG_WARN_INFINITE_RECURSION = YES;
				CLANG_WARN_INT_CONVERSION = YES;
				CLANG_WARN_NON_LITERAL_NULL_CONVERSION = YES;
				CLANG_WARN_OBJC_IMPLICIT_RETAIN_SELF = YES;
				CLANG_WARN_OBJC_LITERAL_CONVERSION = YES;
				CLANG_WARN_OBJC_ROOT_CLASS = YES_ERROR;
				CLANG_WARN_RANGE_LOOP_ANALYSIS = YES;
				CLANG_WARN_STRICT_PROTOTYPES = YES;
				CLANG_WARN_SUSPICIOUS_MOVE = YES;
				CLANG_WARN_UNGUARDED_AVAILABILITY = YES_AGGRESSIVE;
				CLANG_WARN_UNREACHABLE_CODE = YES;
				CLANG_WARN__DUPLICATE_METHOD_MATCH = YES;
				CODE_SIGN_IDENTITY = "iPhone Developer";
				COPY_PHASE_STRIP = NO;
				DEBUG_INFORMATION_FORMAT = dwarf;
				ENABLE_STRICT_OBJC_MSGSEND = YES;
				ENABLE_TESTABILITY = YES;
				GCC_C_LANGUAGE_STANDARD = gnu11;
				GCC_DYNAMIC_NO_PIC = NO;
				GCC_NO_COMMON_BLOCKS = YES;
				GCC_OPTIMIZATION_LEVEL = 0;
				GCC_PREPROCESSOR_DEFINITIONS = (
					"DEBUG=1",
					"$(inherited)",
				);
				GCC_WARN_64_TO_32_BIT_CONVERSION = YES;
				GCC_WARN_ABOUT_RETURN_TYPE = YES_ERROR;
				GCC_WARN_UNDECLARED_SELECTOR = YES;
				GCC_WARN_UNINITIALIZED_AUTOS = YES_AGGRESSIVE;
				GCC_WARN_UNUSED_FUNCTION = YES;
				GCC_WARN_UNUSED_VARIABLE = YES;
				IPHONEOS_DEPLOYMENT_TARGET = 11.4;
				MTL_ENABLE_DEBUG_INFO = YES;
				ONLY_ACTIVE_ARCH = YES;
				SDKROOT = iphoneos;
				SWIFT_ACTIVE_COMPILATION_CONDITIONS = DEBUG;
				SWIFT_OPTIMIZATION_LEVEL = "-Onone";
			};
			name = Debug;
		};
		AAFE5EE1212FED76000543DB /* Release */ = {
			isa = XCBuildConfiguration;
			buildSettings = {
				ALWAYS_SEARCH_USER_PATHS = NO;
				CLANG_ANALYZER_NONNULL = YES;
				CLANG_ANALYZER_NUMBER_OBJECT_CONVERSION = YES_AGGRESSIVE;
				CLANG_CXX_LANGUAGE_STANDARD = "gnu++14";
				CLANG_CXX_LIBRARY = "libc++";
				CLANG_ENABLE_MODULES = YES;
				CLANG_ENABLE_OBJC_ARC = YES;
				CLANG_ENABLE_OBJC_WEAK = YES;
				CLANG_WARN_BLOCK_CAPTURE_AUTORELEASING = YES;
				CLANG_WARN_BOOL_CONVERSION = YES;
				CLANG_WARN_COMMA = YES;
				CLANG_WARN_CONSTANT_CONVERSION = YES;
				CLANG_WARN_DEPRECATED_OBJC_IMPLEMENTATIONS = YES;
				CLANG_WARN_DIRECT_OBJC_ISA_USAGE = YES_ERROR;
				CLANG_WARN_DOCUMENTATION_COMMENTS = YES;
				CLANG_WARN_EMPTY_BODY = YES;
				CLANG_WARN_ENUM_CONVERSION = YES;
				CLANG_WARN_INFINITE_RECURSION = YES;
				CLANG_WARN_INT_CONVERSION = YES;
				CLANG_WARN_NON_LITERAL_NULL_CONVERSION = YES;
				CLANG_WARN_OBJC_IMPLICIT_RETAIN_SELF = YES;
				CLANG_WARN_OBJC_LITERAL_CONVERSION = YES;
				CLANG_WARN_OBJC_ROOT_CLASS = YES_ERROR;
				CLANG_WARN_RANGE_LOOP_ANALYSIS = YES;
				CLANG_WARN_STRICT_PROTOTYPES = YES;
				CLANG_WARN_SUSPICIOUS_MOVE = YES;
				CLANG_WARN_UNGUARDED_AVAILABILITY = YES_AGGRESSIVE;
				CLANG_WARN_UNREACHABLE_CODE = YES;
				CLANG_WARN__DUPLICATE_METHOD_MATCH = YES;
				CODE_SIGN_IDENTITY = "iPhone Developer";
				COPY_PHASE_STRIP = NO;
				DEBUG_INFORMATION_FORMAT = "dwarf-with-dsym";
				ENABLE_NS_ASSERTIONS = NO;
				ENABLE_STRICT_OBJC_MSGSEND = YES;
				GCC_C_LANGUAGE_STANDARD = gnu11;
				GCC_NO_COMMON_BLOCKS = YES;
				GCC_WARN_64_TO_32_BIT_CONVERSION = YES;
				GCC_WARN_ABOUT_RETURN_TYPE = YES_ERROR;
				GCC_WARN_UNDECLARED_SELECTOR = YES;
				GCC_WARN_UNINITIALIZED_AUTOS = YES_AGGRESSIVE;
				GCC_WARN_UNUSED_FUNCTION = YES;
				GCC_WARN_UNUSED_VARIABLE = YES;
				IPHONEOS_DEPLOYMENT_TARGET = 11.4;
				MTL_ENABLE_DEBUG_INFO = NO;
				SDKROOT = iphoneos;
				SWIFT_COMPILATION_MODE = wholemodule;
				SWIFT_OPTIMIZATION_LEVEL = "-O";
				VALIDATE_PRODUCT = YES;
			};
			name = Release;
		};
		AAFE5EE3212FED76000543DB /* Debug */ = {
			isa = XCBuildConfiguration;
			buildSettings = {
				ASSETCATALOG_COMPILER_APPICON_NAME = AppIcon;
				CLANG_ENABLE_MODULES = YES;
				CODE_SIGN_STYLE = Automatic;
				DEVELOPMENT_TEAM = GA9YQQXAZ2;
				INFOPLIST_FILE = demoapp1/Info.plist;
				LD_RUNPATH_SEARCH_PATHS = (
					"$(inherited)",
					"@executable_path/Frameworks",
				);
				PRODUCT_BUNDLE_IDENTIFIER = com.demo.demoapp1;
				PRODUCT_NAME = "$(TARGET_NAME)";
				SWIFT_OBJC_BRIDGING_HEADER = "demoapp1/oc/demoapp1-Bridging-Header.h";
				SWIFT_OPTIMIZATION_LEVEL = "-Onone";
				SWIFT_VERSION = 4.0;
				TARGETED_DEVICE_FAMILY = "1,2";
			};
			name = Debug;
		};
		AAFE5EE4212FED76000543DB /* Release */ = {
			isa = XCBuildConfiguration;
			buildSettings = {
				ASSETCATALOG_COMPILER_APPICON_NAME = AppIcon;
				CLANG_ENABLE_MODULES = YES;
				CODE_SIGN_STYLE = Automatic;
				DEVELOPMENT_TEAM = GA9YQQXAZ2;
				INFOPLIST_FILE = demoapp1/Info.plist;
				LD_RUNPATH_SEARCH_PATHS = (
					"$(inherited)",
					"@executable_path/Frameworks",
				);
				PRODUCT_BUNDLE_IDENTIFIER = com.demo.demoapp1;
				PRODUCT_NAME = "$(TARGET_NAME)";
				SWIFT_OBJC_BRIDGING_HEADER = "demoapp1/oc/demoapp1-Bridging-Header.h";
				SWIFT_VERSION = 4.0;
				TARGETED_DEVICE_FAMILY = "1,2";
			};
			name = Release;
		};
/* End XCBuildConfiguration section */

/* Begin XCConfigurationList section */
		AAFE5ECB212FED72000543DB /* Build configuration list for PBXProject "demoapp1" */ = {
			isa = XCConfigurationList;
			buildConfigurations = (
				AAFE5EE0212FED76000543DB /* Debug */,
				AAFE5EE1212FED76000543DB /* Release */,
			);
			defaultConfigurationIsVisible = 0;
			defaultConfigurationName = Release;
		};
		AAFE5EE2212FED76000543DB /* Build configuration list for PBXNativeTarget "demoapp1" */ = {
			isa = XCConfigurationList;
			buildConfigurations = (
				AAFE5EE3212FED76000543DB /* Debug */,
				AAFE5EE4212FED76000543DB /* Release */,
			);
			defaultConfigurationIsVisible = 0;
			defaultConfigurationName = Release;
		};
/* End XCConfigurationList section */
	};
	rootObject = AAFE5EC8212FED72000543DB /* Project object */;
}
