// !$*UTF8*$!
{
	archiveVersion = 1;
	classes = {
	};
	objectVersion = 50;
	objects = {

/* Begin PBXBuildFile section */
		AA7941F220F308F800C01A93 /* AppDelegate.swift in Sources */ = {isa = PBXBuildFile; fileRef = AA7941F120F308F800C01A93 /* AppDelegate.swift */; };
		AA7941F420F308F800C01A93 /* ViewController.swift in Sources */ = {isa = PBXBuildFile; fileRef = AA7941F320F308F800C01A93 /* ViewController.swift */; };
		AA7941F720F308F800C01A93 /* Main.storyboard in Resources */ = {isa = PBXBuildFile; fileRef = AA7941F520F308F800C01A93 /* Main.storyboard */; };
		AA7941F920F308FB00C01A93 /* Assets.xcassets in Resources */ = {isa = PBXBuildFile; fileRef = AA7941F820F308FB00C01A93 /* Assets.xcassets */; };
		AA7941FC20F308FB00C01A93 /* LaunchScreen.storyboard in Resources */ = {isa = PBXBuildFile; fileRef = AA7941FA20F308FB00C01A93 /* LaunchScreen.storyboard */; };
		AA79423520F5895100C01A93 /* DemoCollectionViewController.swift in Sources */ = {isa = PBXBuildFile; fileRef = AA79423420F5895100C01A93 /* DemoCollectionViewController.swift */; };
		AA79423720F5899200C01A93 /* DemoStoryboard.storyboard in Resources */ = {isa = PBXBuildFile; fileRef = AA79423620F5899200C01A93 /* DemoStoryboard.storyboard */; };
/* End PBXBuildFile section */

/* Begin PBXFileReference section */
		AA7941EE20F308F800C01A93 /* FiveDemo.app */ = {isa = PBXFileReference; explicitFileType = wrapper.application; includeInIndex = 0; path = FiveDemo.app; sourceTree = BUILT_PRODUCTS_DIR; };
		AA7941F120F308F800C01A93 /* AppDelegate.swift */ = {isa = PBXFileReference; lastKnownFileType = sourcecode.swift; path = AppDelegate.swift; sourceTree = "<group>"; };
		AA7941F320F308F800C01A93 /* ViewController.swift */ = {isa = PBXFileReference; lastKnownFileType = sourcecode.swift; path = ViewController.swift; sourceTree = "<group>"; };
		AA7941F620F308F800C01A93 /* Base */ = {isa = PBXFileReference; lastKnownFileType = file.storyboard; name = Base; path = Base.lproj/Main.storyboard; sourceTree = "<group>"; };
		AA7941F820F308FB00C01A93 /* Assets.xcassets */ = {isa = PBXFileReference; lastKnownFileType = folder.assetcatalog; path = Assets.xcassets; sourceTree = "<group>"; };
		AA7941FB20F308FB00C01A93 /* Base */ = {isa = PBXFileReference; lastKnownFileType = file.storyboard; name = Base; path = Base.lproj/LaunchScreen.storyboard; sourceTree = "<group>"; };
		AA7941FD20F308FB00C01A93 /* Info.plist */ = {isa = PBXFileReference; lastKnownFileType = text.plist.xml; path = Info.plist; sourceTree = "<group>"; };
		AA79423420F5895100C01A93 /* DemoCollectionViewController.swift */ = {isa = PBXFileReference; lastKnownFileType = sourcecode.swift; path = DemoCollectionViewController.swift; sourceTree = "<group>"; };
		AA79423620F5899200C01A93 /* DemoStoryboard.storyboard */ = {isa = PBXFileReference; lastKnownFileType = file.storyboard; path = DemoStoryboard.storyboard; sourceTree = "<group>"; };
/* End PBXFileReference section */

/* Begin PBXFrameworksBuildPhase section */
		AA7941EB20F308F800C01A93 /* Frameworks */ = {
			isa = PBXFrameworksBuildPhase;
			buildActionMask = 2147483647;
			files = (
			);
			runOnlyForDeploymentPostprocessing = 0;
		};
/* End PBXFrameworksBuildPhase section */

/* Begin PBXGroup section */
		AA7941E520F308F800C01A93 = {
			isa = PBXGroup;
			children = (
				AA7941F020F308F800C01A93 /* FiveDemo */,
				AA7941EF20F308F800C01A93 /* Products */,
			);
			sourceTree = "<group>";
		};
		AA7941EF20F308F800C01A93 /* Products */ = {
			isa = PBXGroup;
			children = (
				AA7941EE20F308F800C01A93 /* FiveDemo.app */,
			);
			name = Products;
			sourceTree = "<group>";
		};
		AA7941F020F308F800C01A93 /* FiveDemo */ = {
			isa = PBXGroup;
			children = (
				AA79423320F5892D00C01A93 /* demo */,
				AA7941FD20F308FB00C01A93 /* Info.plist */,
				AA7941F120F308F800C01A93 /* AppDelegate.swift */,
				AA7941F320F308F800C01A93 /* ViewController.swift */,
				AA7941F820F308FB00C01A93 /* Assets.xcassets */,
				AA7941FA20F308FB00C01A93 /* LaunchScreen.storyboard */,
				AA7941F520F308F800C01A93 /* Main.storyboard */,
			);
			path = FiveDemo;
			sourceTree = "<group>";
		};
		AA79423320F5892D00C01A93 /* demo */ = {
			isa = PBXGroup;
			children = (
				AA79423420F5895100C01A93 /* DemoCollectionViewController.swift */,
				AA79423620F5899200C01A93 /* DemoStoryboard.storyboard */,
			);
			path = demo;
			sourceTree = "<group>";
		};
/* End PBXGroup section */

/* Begin PBXNativeTarget section */
		AA7941ED20F308F800C01A93 /* FiveDemo */ = {
			isa = PBXNativeTarget;
			buildConfigurationList = AA79420020F308FB00C01A93 /* Build configuration list for PBXNativeTarget "FiveDemo" */;
			buildPhases = (
				AA7941EA20F308F800C01A93 /* Sources */,
				AA7941EB20F308F800C01A93 /* Frameworks */,
				AA7941EC20F308F800C01A93 /* Resources */,
			);
			buildRules = (
			);
			dependencies = (
			);
			name = FiveDemo;
			productName = FiveDemo;
			productReference = AA7941EE20F308F800C01A93 /* FiveDemo.app */;
			productType = "com.apple.product-type.application";
		};
/* End PBXNativeTarget section */

/* Begin PBXProject section */
		AA7941E620F308F800C01A93 /* Project object */ = {
			isa = PBXProject;
			attributes = {
				LastSwiftUpdateCheck = 0940;
				LastUpgradeCheck = 0940;
				ORGANIZATIONNAME = shinaimeng;
				TargetAttributes = {
					AA7941ED20F308F800C01A93 = {
						CreatedOnToolsVersion = 9.4;
					};
				};
			};
			buildConfigurationList = AA7941E920F308F800C01A93 /* Build configuration list for PBXProject "FiveDemo" */;
			compatibilityVersion = "Xcode 9.3";
			developmentRegion = en;
			hasScannedForEncodings = 0;
			knownRegions = (
				en,
				Base,
			);
			mainGroup = AA7941E520F308F800C01A93;
			productRefGroup = AA7941EF20F308F800C01A93 /* Products */;
			projectDirPath = "";
			projectRoot = "";
			targets = (
				AA7941ED20F308F800C01A93 /* FiveDemo */,
			);
		};
/* End PBXProject section */

/* Begin PBXResourcesBuildPhase section */
		AA7941EC20F308F800C01A93 /* Resources */ = {
			isa = PBXResourcesBuildPhase;
			buildActionMask = 2147483647;
			files = (
				AA7941FC20F308FB00C01A93 /* LaunchScreen.storyboard in Resources */,
				AA7941F920F308FB00C01A93 /* Assets.xcassets in Resources */,
				AA79423720F5899200C01A93 /* DemoStoryboard.storyboard in Resources */,
				AA7941F720F308F800C01A93 /* Main.storyboard in Resources */,
			);
			runOnlyForDeploymentPostprocessing = 0;
		};
/* End PBXResourcesBuildPhase section */

/* Begin PBXSourcesBuildPhase section */
		AA7941EA20F308F800C01A93 /* Sources */ = {
			isa = PBXSourcesBuildPhase;
			buildActionMask = 2147483647;
			files = (
				AA7941F420F308F800C01A93 /* ViewController.swift in Sources */,
				AA7941F220F308F800C01A93 /* AppDelegate.swift in Sources */,
				AA79423520F5895100C01A93 /* DemoCollectionViewController.swift in Sources */,
			);
			runOnlyForDeploymentPostprocessing = 0;
		};
/* End PBXSourcesBuildPhase section */

/* Begin PBXVariantGroup section */
		AA7941F520F308F800C01A93 /* Main.storyboard */ = {
			isa = PBXVariantGroup;
			children = (
				AA7941F620F308F800C01A93 /* Base */,
			);
			name = Main.storyboard;
			sourceTree = "<group>";
		};
		AA7941FA20F308FB00C01A93 /* LaunchScreen.storyboard */ = {
			isa = PBXVariantGroup;
			children = (
				AA7941FB20F308FB00C01A93 /* Base */,
			);
			name = LaunchScreen.storyboard;
			sourceTree = "<group>";
		};
/* End PBXVariantGroup section */

/* Begin XCBuildConfiguration section */
		AA7941FE20F308FB00C01A93 /* Debug */ = {
			isa = XCBuildConfiguration;
			buildSettings = {
				ALWAYS_SEARCH_USER_PATHS = NO;
				CLANG_ANALYZER_NONNULL = YES;
				CLANG_ANALYZER_NUMBER_OBJECT_CONVERSION = YES_AGGRESSIVE;
				CLANG_CXX_LANGUAGE_STANDARD = "gnu++14";
				CLANG_CXX_LIBRARY = "libc++";
				CLANG_ENABLE_MODULES = YES;
				CLANG_ENABLE_OBJC_ARC = YES;
				CLANG_ENABLE_OBJC_WEAK = YES;
				CLANG_WARN_BLOCK_CAPTURE_AUTORELEASING = YES;
				CLANG_WARN_BOOL_CONVERSION = YES;
				CLANG_WARN_COMMA = YES;
				CLANG_WARN_CONSTANT_CONVERSION = YES;
				CLANG_WARN_DEPRECATED_OBJC_IMPLEMENTATIONS = YES;
				CLANG_WARN_DIRECT_OBJC_ISA_USAGE = YES_ERROR;
				CLANG_WARN_DOCUMENTATION_COMMENTS = YES;
				CLANG_WARN_EMPTY_BODY = YES;
				CLANG_WARN_ENUM_CONVERSION = YES;
				CLANG_WARN_INFINITE_RECURSION = YES;
				CLANG_WARN_INT_CONVERSION = YES;
				CLANG_WARN_NON_LITERAL_NULL_CONVERSION = YES;
				CLANG_WARN_OBJC_IMPLICIT_RETAIN_SELF = YES;
				CLANG_WARN_OBJC_LITERAL_CONVERSION = YES;
				CLANG_WARN_OBJC_ROOT_CLASS = YES_ERROR;
				CLANG_WARN_RANGE_LOOP_ANALYSIS = YES;
				CLANG_WARN_STRICT_PROTOTYPES = YES;
				CLANG_WARN_SUSPICIOUS_MOVE = YES;
				CLANG_WARN_UNGUARDED_AVAILABILITY = YES_AGGRESSIVE;
				CLANG_WARN_UNREACHABLE_CODE = YES;
				CLANG_WARN__DUPLICATE_METHOD_MATCH = YES;
				CODE_SIGN_IDENTITY = "iPhone Developer";
				COPY_PHASE_STRIP = NO;
				DEBUG_INFORMATION_FORMAT = dwarf;
				ENABLE_STRICT_OBJC_MSGSEND = YES;
				ENABLE_TESTABILITY = YES;
				GCC_C_LANGUAGE_STANDARD = gnu11;
				GCC_DYNAMIC_NO_PIC = NO;
				GCC_NO_COMMON_BLOCKS = YES;
				GCC_OPTIMIZATION_LEVEL = 0;
				GCC_PREPROCESSOR_DEFINITIONS = (
					"DEBUG=1",
					"$(inherited)",
				);
				GCC_WARN_64_TO_32_BIT_CONVERSION = YES;
				GCC_WARN_ABOUT_RETURN_TYPE = YES_ERROR;
				GCC_WARN_UNDECLARED_SELECTOR = YES;
				GCC_WARN_UNINITIALIZED_AUTOS = YES_AGGRESSIVE;
				GCC_WARN_UNUSED_FUNCTION = YES;
				GCC_WARN_UNUSED_VARIABLE = YES;
				IPHONEOS_DEPLOYMENT_TARGET = 11.4;
				MTL_ENABLE_DEBUG_INFO = YES;
				ONLY_ACTIVE_ARCH = YES;
				SDKROOT = iphoneos;
				SWIFT_ACTIVE_COMPILATION_CONDITIONS = DEBUG;
				SWIFT_OPTIMIZATION_LEVEL = "-Onone";
			};
			name = Debug;
		};
		AA7941FF20F308FB00C01A93 /* Release */ = {
			isa = XCBuildConfiguration;
			buildSettings = {
				ALWAYS_SEARCH_USER_PATHS = NO;
				CLANG_ANALYZER_NONNULL = YES;
				CLANG_ANALYZER_NUMBER_OBJECT_CONVERSION = YES_AGGRESSIVE;
				CLANG_CXX_LANGUAGE_STANDARD = "gnu++14";
				CLANG_CXX_LIBRARY = "libc++";
				CLANG_ENABLE_MODULES = YES;
				CLANG_ENABLE_OBJC_ARC = YES;
				CLANG_ENABLE_OBJC_WEAK = YES;
				CLANG_WARN_BLOCK_CAPTURE_AUTORELEASING = YES;
				CLANG_WARN_BOOL_CONVERSION = YES;
				CLANG_WARN_COMMA = YES;
				CLANG_WARN_CONSTANT_CONVERSION = YES;
				CLANG_WARN_DEPRECATED_OBJC_IMPLEMENTATIONS = YES;
				CLANG_WARN_DIRECT_OBJC_ISA_USAGE = YES_ERROR;
				CLANG_WARN_DOCUMENTATION_COMMENTS = YES;
				CLANG_WARN_EMPTY_BODY = YES;
				CLANG_WARN_ENUM_CONVERSION = YES;
				CLANG_WARN_INFINITE_RECURSION = YES;
				CLANG_WARN_INT_CONVERSION = YES;
				CLANG_WARN_NON_LITERAL_NULL_CONVERSION = YES;
				CLANG_WARN_OBJC_IMPLICIT_RETAIN_SELF = YES;
				CLANG_WARN_OBJC_LITERAL_CONVERSION = YES;
				CLANG_WARN_OBJC_ROOT_CLASS = YES_ERROR;
				CLANG_WARN_RANGE_LOOP_ANALYSIS = YES;
				CLANG_WARN_STRICT_PROTOTYPES = YES;
				CLANG_WARN_SUSPICIOUS_MOVE = YES;
				CLANG_WARN_UNGUARDED_AVAILABILITY = YES_AGGRESSIVE;
				CLANG_WARN_UNREACHABLE_CODE = YES;
				CLANG_WARN__DUPLICATE_METHOD_MATCH = YES;
				CODE_SIGN_IDENTITY = "iPhone Developer";
				COPY_PHASE_STRIP = NO;
				DEBUG_INFORMATION_FORMAT = "dwarf-with-dsym";
				ENABLE_NS_ASSERTIONS = NO;
				ENABLE_STRICT_OBJC_MSGSEND = YES;
				GCC_C_LANGUAGE_STANDARD = gnu11;
				GCC_NO_COMMON_BLOCKS = YES;
				GCC_WARN_64_TO_32_BIT_CONVERSION = YES;
				GCC_WARN_ABOUT_RETURN_TYPE = YES_ERROR;
				GCC_WARN_UNDECLARED_SELECTOR = YES;
				GCC_WARN_UNINITIALIZED_AUTOS = YES_AGGRESSIVE;
				GCC_WARN_UNUSED_FUNCTION = YES;
				GCC_WARN_UNUSED_VARIABLE = YES;
				IPHONEOS_DEPLOYMENT_TARGET = 11.4;
				MTL_ENABLE_DEBUG_INFO = NO;
				SDKROOT = iphoneos;
				SWIFT_COMPILATION_MODE = wholemodule;
				SWIFT_OPTIMIZATION_LEVEL = "-O";
				VALIDATE_PRODUCT = YES;
			};
			name = Release;
		};
		AA79420120F308FB00C01A93 /* Debug */ = {
			isa = XCBuildConfiguration;
			buildSettings = {
				ASSETCATALOG_COMPILER_APPICON_NAME = AppIcon;
				CODE_SIGN_STYLE = Automatic;
				DEVELOPMENT_TEAM = GA9YQQXAZ2;
				INFOPLIST_FILE = FiveDemo/Info.plist;
				LD_RUNPATH_SEARCH_PATHS = (
					"$(inherited)",
					"@executable_path/Frameworks",
				);
				PRODUCT_BUNDLE_IDENTIFIER = com.demo.FiveDemo;
				PRODUCT_NAME = "$(TARGET_NAME)";
				SWIFT_VERSION = 4.0;
				TARGETED_DEVICE_FAMILY = "1,2";
			};
			name = Debug;
		};
		AA79420220F308FB00C01A93 /* Release */ = {
			isa = XCBuildConfiguration;
			buildSettings = {
				ASSETCATALOG_COMPILER_APPICON_NAME = AppIcon;
				CODE_SIGN_STYLE = Automatic;
				DEVELOPMENT_TEAM = GA9YQQXAZ2;
				INFOPLIST_FILE = FiveDemo/Info.plist;
				LD_RUNPATH_SEARCH_PATHS = (
					"$(inherited)",
					"@executable_path/Frameworks",
				);
				PRODUCT_BUNDLE_IDENTIFIER = com.demo.FiveDemo;
				PRODUCT_NAME = "$(TARGET_NAME)";
				SWIFT_VERSION = 4.0;
				TARGETED_DEVICE_FAMILY = "1,2";
			};
			name = Release;
		};
/* End XCBuildConfiguration section */

/* Begin XCConfigurationList section */
		AA7941E920F308F800C01A93 /* Build configuration list for PBXProject "FiveDemo" */ = {
			isa = XCConfigurationList;
			buildConfigurations = (
				AA7941FE20F308FB00C01A93 /* Debug */,
				AA7941FF20F308FB00C01A93 /* Release */,
			);
			defaultConfigurationIsVisible = 0;
			defaultConfigurationName = Release;
		};
		AA79420020F308FB00C01A93 /* Build configuration list for PBXNativeTarget "FiveDemo" */ = {
			isa = XCConfigurationList;
			buildConfigurations = (
				AA79420120F308FB00C01A93 /* Debug */,
				AA79420220F308FB00C01A93 /* Release */,
			);
			defaultConfigurationIsVisible = 0;
			defaultConfigurationName = Release;
		};
/* End XCConfigurationList section */
	};
	rootObject = AA7941E620F308F800C01A93 /* Project object */;
}
