// !$*UTF8*$!
{
	archiveVersion = 1;
	classes = {
	};
	objectVersion = 50;
	objects = {

/* Begin PBXBuildFile section */
		AAF22AC0212BE6C20041BCF7 /* AppDelegate.swift in Sources */ = {isa = PBXBuildFile; fileRef = AAF22ABF212BE6C20041BCF7 /* AppDelegate.swift */; };
		AAF22AC2212BE6C20041BCF7 /* ViewController.swift in Sources */ = {isa = PBXBuildFile; fileRef = AAF22AC1212BE6C20041BCF7 /* ViewController.swift */; };
		AAF22AC5212BE6C20041BCF7 /* Main.storyboard in Resources */ = {isa = PBXBuildFile; fileRef = AAF22AC3212BE6C20041BCF7 /* Main.storyboard */; };
		AAF22AC7212BE6C30041BCF7 /* Assets.xcassets in Resources */ = {isa = PBXBuildFile; fileRef = AAF22AC6212BE6C30041BCF7 /* Assets.xcassets */; };
		AAF22ACA212BE6C30041BCF7 /* LaunchScreen.storyboard in Resources */ = {isa = PBXBuildFile; fileRef = AAF22AC8212BE6C30041BCF7 /* LaunchScreen.storyboard */; };
		AAF22AD2212BE7120041BCF7 /* MyViewController.swift in Sources */ = {isa = PBXBuildFile; fileRef = AAF22AD1212BE7120041BCF7 /* MyViewController.swift */; };
		AAF22AD4212BE77F0041BCF7 /* Webview.storyboard in Resources */ = {isa = PBXBuildFile; fileRef = AAF22AD3212BE77F0041BCF7 /* Webview.storyboard */; };
		AAF22AD6212BE7CF0041BCF7 /* WebviewViewController.swift in Sources */ = {isa = PBXBuildFile; fileRef = AAF22AD5212BE7CF0041BCF7 /* WebviewViewController.swift */; };
/* End PBXBuildFile section */

/* Begin PBXFileReference section */
		AAF22ABC212BE6C20041BCF7 /* swift12ios.app */ = {isa = PBXFileReference; explicitFileType = wrapper.application; includeInIndex = 0; path = swift12ios.app; sourceTree = BUILT_PRODUCTS_DIR; };
		AAF22ABF212BE6C20041BCF7 /* AppDelegate.swift */ = {isa = PBXFileReference; lastKnownFileType = sourcecode.swift; path = AppDelegate.swift; sourceTree = "<group>"; };
		AAF22AC1212BE6C20041BCF7 /* ViewController.swift */ = {isa = PBXFileReference; lastKnownFileType = sourcecode.swift; path = ViewController.swift; sourceTree = "<group>"; };
		AAF22AC4212BE6C20041BCF7 /* Base */ = {isa = PBXFileReference; lastKnownFileType = file.storyboard; name = Base; path = Base.lproj/Main.storyboard; sourceTree = "<group>"; };
		AAF22AC6212BE6C30041BCF7 /* Assets.xcassets */ = {isa = PBXFileReference; lastKnownFileType = folder.assetcatalog; path = Assets.xcassets; sourceTree = "<group>"; };
		AAF22AC9212BE6C30041BCF7 /* Base */ = {isa = PBXFileReference; lastKnownFileType = file.storyboard; name = Base; path = Base.lproj/LaunchScreen.storyboard; sourceTree = "<group>"; };
		AAF22ACB212BE6C30041BCF7 /* Info.plist */ = {isa = PBXFileReference; lastKnownFileType = text.plist.xml; path = Info.plist; sourceTree = "<group>"; };
		AAF22AD1212BE7120041BCF7 /* MyViewController.swift */ = {isa = PBXFileReference; lastKnownFileType = sourcecode.swift; path = MyViewController.swift; sourceTree = "<group>"; };
		AAF22AD3212BE77F0041BCF7 /* Webview.storyboard */ = {isa = PBXFileReference; lastKnownFileType = file.storyboard; path = Webview.storyboard; sourceTree = "<group>"; };
		AAF22AD5212BE7CF0041BCF7 /* WebviewViewController.swift */ = {isa = PBXFileReference; lastKnownFileType = sourcecode.swift; path = WebviewViewController.swift; sourceTree = "<group>"; };
		AAF22ADA212BEFEA0041BCF7 /* swift12ios.entitlements */ = {isa = PBXFileReference; lastKnownFileType = text.plist.entitlements; path = swift12ios.entitlements; sourceTree = "<group>"; };
/* End PBXFileReference section */

/* Begin PBXFrameworksBuildPhase section */
		AAF22AB9212BE6C20041BCF7 /* Frameworks */ = {
			isa = PBXFrameworksBuildPhase;
			buildActionMask = 2147483647;
			files = (
			);
			runOnlyForDeploymentPostprocessing = 0;
		};
/* End PBXFrameworksBuildPhase section */

/* Begin PBXGroup section */
		AAF22AB3212BE6C20041BCF7 = {
			isa = PBXGroup;
			children = (
				AAF22ABE212BE6C20041BCF7 /* swift12ios */,
				AAF22ABD212BE6C20041BCF7 /* Products */,
				AAF22AD7212BEFEA0041BCF7 /* Frameworks */,
			);
			sourceTree = "<group>";
		};
		AAF22ABD212BE6C20041BCF7 /* Products */ = {
			isa = PBXGroup;
			children = (
				AAF22ABC212BE6C20041BCF7 /* swift12ios.app */,
			);
			name = Products;
			sourceTree = "<group>";
		};
		AAF22ABE212BE6C20041BCF7 /* swift12ios */ = {
			isa = PBXGroup;
			children = (
				AAF22ADA212BEFEA0041BCF7 /* swift12ios.entitlements */,
				AAF22ABF212BE6C20041BCF7 /* AppDelegate.swift */,
				AAF22AC1212BE6C20041BCF7 /* ViewController.swift */,
				AAF22AC3212BE6C20041BCF7 /* Main.storyboard */,
				AAF22AC6212BE6C30041BCF7 /* Assets.xcassets */,
				AAF22AC8212BE6C30041BCF7 /* LaunchScreen.storyboard */,
				AAF22ACB212BE6C30041BCF7 /* Info.plist */,
				AAF22AD1212BE7120041BCF7 /* MyViewController.swift */,
				AAF22AD3212BE77F0041BCF7 /* Webview.storyboard */,
				AAF22AD5212BE7CF0041BCF7 /* WebviewViewController.swift */,
			);
			path = swift12ios;
			sourceTree = "<group>";
		};
		AAF22AD7212BEFEA0041BCF7 /* Frameworks */ = {
			isa = PBXGroup;
			children = (
			);
			name = Frameworks;
			sourceTree = "<group>";
		};
/* End PBXGroup section */

/* Begin PBXNativeTarget section */
		AAF22ABB212BE6C20041BCF7 /* swift12ios */ = {
			isa = PBXNativeTarget;
			buildConfigurationList = AAF22ACE212BE6C30041BCF7 /* Build configuration list for PBXNativeTarget "swift12ios" */;
			buildPhases = (
				AAF22AB8212BE6C20041BCF7 /* Sources */,
				AAF22AB9212BE6C20041BCF7 /* Frameworks */,
				AAF22ABA212BE6C20041BCF7 /* Resources */,
			);
			buildRules = (
			);
			dependencies = (
			);
			name = swift12ios;
			productName = swift12ios;
			productReference = AAF22ABC212BE6C20041BCF7 /* swift12ios.app */;
			productType = "com.apple.product-type.application";
		};
/* End PBXNativeTarget section */

/* Begin PBXProject section */
		AAF22AB4212BE6C20041BCF7 /* Project object */ = {
			isa = PBXProject;
			attributes = {
				LastSwiftUpdateCheck = 0940;
				LastUpgradeCheck = 0940;
				ORGANIZATIONNAME = shinaimeng;
				TargetAttributes = {
					AAF22ABB212BE6C20041BCF7 = {
						CreatedOnToolsVersion = 9.4.1;
						SystemCapabilities = {
							com.apple.WAC = {
								enabled = 0;
							};
						};
					};
				};
			};
			buildConfigurationList = AAF22AB7212BE6C20041BCF7 /* Build configuration list for PBXProject "swift12ios" */;
			compatibilityVersion = "Xcode 9.3";
			developmentRegion = en;
			hasScannedForEncodings = 0;
			knownRegions = (
				en,
				Base,
			);
			mainGroup = AAF22AB3212BE6C20041BCF7;
			productRefGroup = AAF22ABD212BE6C20041BCF7 /* Products */;
			projectDirPath = "";
			projectRoot = "";
			targets = (
				AAF22ABB212BE6C20041BCF7 /* swift12ios */,
			);
		};
/* End PBXProject section */

/* Begin PBXResourcesBuildPhase section */
		AAF22ABA212BE6C20041BCF7 /* Resources */ = {
			isa = PBXResourcesBuildPhase;
			buildActionMask = 2147483647;
			files = (
				AAF22ACA212BE6C30041BCF7 /* LaunchScreen.storyboard in Resources */,
				AAF22AD4212BE77F0041BCF7 /* Webview.storyboard in Resources */,
				AAF22AC7212BE6C30041BCF7 /* Assets.xcassets in Resources */,
				AAF22AC5212BE6C20041BCF7 /* Main.storyboard in Resources */,
			);
			runOnlyForDeploymentPostprocessing = 0;
		};
/* End PBXResourcesBuildPhase section */

/* Begin PBXSourcesBuildPhase section */
		AAF22AB8212BE6C20041BCF7 /* Sources */ = {
			isa = PBXSourcesBuildPhase;
			buildActionMask = 2147483647;
			files = (
				AAF22AC2212BE6C20041BCF7 /* ViewController.swift in Sources */,
				AAF22AD2212BE7120041BCF7 /* MyViewController.swift in Sources */,
				AAF22AD6212BE7CF0041BCF7 /* WebviewViewController.swift in Sources */,
				AAF22AC0212BE6C20041BCF7 /* AppDelegate.swift in Sources */,
			);
			runOnlyForDeploymentPostprocessing = 0;
		};
/* End PBXSourcesBuildPhase section */

/* Begin PBXVariantGroup section */
		AAF22AC3212BE6C20041BCF7 /* Main.storyboard */ = {
			isa = PBXVariantGroup;
			children = (
				AAF22AC4212BE6C20041BCF7 /* Base */,
			);
			name = Main.storyboard;
			sourceTree = "<group>";
		};
		AAF22AC8212BE6C30041BCF7 /* LaunchScreen.storyboard */ = {
			isa = PBXVariantGroup;
			children = (
				AAF22AC9212BE6C30041BCF7 /* Base */,
			);
			name = LaunchScreen.storyboard;
			sourceTree = "<group>";
		};
/* End PBXVariantGroup section */

/* Begin XCBuildConfiguration section */
		AAF22ACC212BE6C30041BCF7 /* Debug */ = {
			isa = XCBuildConfiguration;
			buildSettings = {
				ALWAYS_SEARCH_USER_PATHS = NO;
				CLANG_ANALYZER_NONNULL = YES;
				CLANG_ANALYZER_NUMBER_OBJECT_CONVERSION = YES_AGGRESSIVE;
				CLANG_CXX_LANGUAGE_STANDARD = "gnu++14";
				CLANG_CXX_LIBRARY = "libc++";
				CLANG_ENABLE_MODULES = YES;
				CLANG_ENABLE_OBJC_ARC = YES;
				CLANG_ENABLE_OBJC_WEAK = YES;
				CLANG_WARN_BLOCK_CAPTURE_AUTORELEASING = YES;
				CLANG_WARN_BOOL_CONVERSION = YES;
				CLANG_WARN_COMMA = YES;
				CLANG_WARN_CONSTANT_CONVERSION = YES;
				CLANG_WARN_DEPRECATED_OBJC_IMPLEMENTATIONS = YES;
				CLANG_WARN_DIRECT_OBJC_ISA_USAGE = YES_ERROR;
				CLANG_WARN_DOCUMENTATION_COMMENTS = YES;
				CLANG_WARN_EMPTY_BODY = YES;
				CLANG_WARN_ENUM_CONVERSION = YES;
				CLANG_WARN_INFINITE_RECURSION = YES;
				CLANG_WARN_INT_CONVERSION = YES;
				CLANG_WARN_NON_LITERAL_NULL_CONVERSION = YES;
				CLANG_WARN_OBJC_IMPLICIT_RETAIN_SELF = YES;
				CLANG_WARN_OBJC_LITERAL_CONVERSION = YES;
				CLANG_WARN_OBJC_ROOT_CLASS = YES_ERROR;
				CLANG_WARN_RANGE_LOOP_ANALYSIS = YES;
				CLANG_WARN_STRICT_PROTOTYPES = YES;
				CLANG_WARN_SUSPICIOUS_MOVE = YES;
				CLANG_WARN_UNGUARDED_AVAILABILITY = YES_AGGRESSIVE;
				CLANG_WARN_UNREACHABLE_CODE = YES;
				CLANG_WARN__DUPLICATE_METHOD_MATCH = YES;
				CODE_SIGN_IDENTITY = "iPhone Developer";
				COPY_PHASE_STRIP = NO;
				DEBUG_INFORMATION_FORMAT = dwarf;
				ENABLE_STRICT_OBJC_MSGSEND = YES;
				ENABLE_TESTABILITY = YES;
				GCC_C_LANGUAGE_STANDARD = gnu11;
				GCC_DYNAMIC_NO_PIC = NO;
				GCC_NO_COMMON_BLOCKS = YES;
				GCC_OPTIMIZATION_LEVEL = 0;
				GCC_PREPROCESSOR_DEFINITIONS = (
					"DEBUG=1",
					"$(inherited)",
				);
				GCC_WARN_64_TO_32_BIT_CONVERSION = YES;
				GCC_WARN_ABOUT_RETURN_TYPE = YES_ERROR;
				GCC_WARN_UNDECLARED_SELECTOR = YES;
				GCC_WARN_UNINITIALIZED_AUTOS = YES_AGGRESSIVE;
				GCC_WARN_UNUSED_FUNCTION = YES;
				GCC_WARN_UNUSED_VARIABLE = YES;
				IPHONEOS_DEPLOYMENT_TARGET = 11.4;
				MTL_ENABLE_DEBUG_INFO = YES;
				ONLY_ACTIVE_ARCH = YES;
				SDKROOT = iphoneos;
				SWIFT_ACTIVE_COMPILATION_CONDITIONS = DEBUG;
				SWIFT_OPTIMIZATION_LEVEL = "-Onone";
			};
			name = Debug;
		};
		AAF22ACD212BE6C30041BCF7 /* Release */ = {
			isa = XCBuildConfiguration;
			buildSettings = {
				ALWAYS_SEARCH_USER_PATHS = NO;
				CLANG_ANALYZER_NONNULL = YES;
				CLANG_ANALYZER_NUMBER_OBJECT_CONVERSION = YES_AGGRESSIVE;
				CLANG_CXX_LANGUAGE_STANDARD = "gnu++14";
				CLANG_CXX_LIBRARY = "libc++";
				CLANG_ENABLE_MODULES = YES;
				CLANG_ENABLE_OBJC_ARC = YES;
				CLANG_ENABLE_OBJC_WEAK = YES;
				CLANG_WARN_BLOCK_CAPTURE_AUTORELEASING = YES;
				CLANG_WARN_BOOL_CONVERSION = YES;
				CLANG_WARN_COMMA = YES;
				CLANG_WARN_CONSTANT_CONVERSION = YES;
				CLANG_WARN_DEPRECATED_OBJC_IMPLEMENTATIONS = YES;
				CLANG_WARN_DIRECT_OBJC_ISA_USAGE = YES_ERROR;
				CLANG_WARN_DOCUMENTATION_COMMENTS = YES;
				CLANG_WARN_EMPTY_BODY = YES;
				CLANG_WARN_ENUM_CONVERSION = YES;
				CLANG_WARN_INFINITE_RECURSION = YES;
				CLANG_WARN_INT_CONVERSION = YES;
				CLANG_WARN_NON_LITERAL_NULL_CONVERSION = YES;
				CLANG_WARN_OBJC_IMPLICIT_RETAIN_SELF = YES;
				CLANG_WARN_OBJC_LITERAL_CONVERSION = YES;
				CLANG_WARN_OBJC_ROOT_CLASS = YES_ERROR;
				CLANG_WARN_RANGE_LOOP_ANALYSIS = YES;
				CLANG_WARN_STRICT_PROTOTYPES = YES;
				CLANG_WARN_SUSPICIOUS_MOVE = YES;
				CLANG_WARN_UNGUARDED_AVAILABILITY = YES_AGGRESSIVE;
				CLANG_WARN_UNREACHABLE_CODE = YES;
				CLANG_WARN__DUPLICATE_METHOD_MATCH = YES;
				CODE_SIGN_IDENTITY = "iPhone Developer";
				COPY_PHASE_STRIP = NO;
				DEBUG_INFORMATION_FORMAT = "dwarf-with-dsym";
				ENABLE_NS_ASSERTIONS = NO;
				ENABLE_STRICT_OBJC_MSGSEND = YES;
				GCC_C_LANGUAGE_STANDARD = gnu11;
				GCC_NO_COMMON_BLOCKS = YES;
				GCC_WARN_64_TO_32_BIT_CONVERSION = YES;
				GCC_WARN_ABOUT_RETURN_TYPE = YES_ERROR;
				GCC_WARN_UNDECLARED_SELECTOR = YES;
				GCC_WARN_UNINITIALIZED_AUTOS = YES_AGGRESSIVE;
				GCC_WARN_UNUSED_FUNCTION = YES;
				GCC_WARN_UNUSED_VARIABLE = YES;
				IPHONEOS_DEPLOYMENT_TARGET = 11.4;
				MTL_ENABLE_DEBUG_INFO = NO;
				SDKROOT = iphoneos;
				SWIFT_COMPILATION_MODE = wholemodule;
				SWIFT_OPTIMIZATION_LEVEL = "-O";
				VALIDATE_PRODUCT = YES;
			};
			name = Release;
		};
		AAF22ACF212BE6C30041BCF7 /* Debug */ = {
			isa = XCBuildConfiguration;
			buildSettings = {
				ASSETCATALOG_COMPILER_APPICON_NAME = AppIcon;
				CODE_SIGN_STYLE = Automatic;
				DEVELOPMENT_TEAM = GA9YQQXAZ2;
				INFOPLIST_FILE = swift12ios/Info.plist;
				LD_RUNPATH_SEARCH_PATHS = (
					"$(inherited)",
					"@executable_path/Frameworks",
				);
				PRODUCT_BUNDLE_IDENTIFIER = com.demo.swift12ios;
				PRODUCT_NAME = "$(TARGET_NAME)";
				SWIFT_VERSION = 4.0;
				TARGETED_DEVICE_FAMILY = "1,2";
			};
			name = Debug;
		};
		AAF22AD0212BE6C30041BCF7 /* Release */ = {
			isa = XCBuildConfiguration;
			buildSettings = {
				ASSETCATALOG_COMPILER_APPICON_NAME = AppIcon;
				CODE_SIGN_STYLE = Automatic;
				DEVELOPMENT_TEAM = GA9YQQXAZ2;
				INFOPLIST_FILE = swift12ios/Info.plist;
				LD_RUNPATH_SEARCH_PATHS = (
					"$(inherited)",
					"@executable_path/Frameworks",
				);
				PRODUCT_BUNDLE_IDENTIFIER = com.demo.swift12ios;
				PRODUCT_NAME = "$(TARGET_NAME)";
				SWIFT_VERSION = 4.0;
				TARGETED_DEVICE_FAMILY = "1,2";
			};
			name = Release;
		};
/* End XCBuildConfiguration section */

/* Begin XCConfigurationList section */
		AAF22AB7212BE6C20041BCF7 /* Build configuration list for PBXProject "swift12ios" */ = {
			isa = XCConfigurationList;
			buildConfigurations = (
				AAF22ACC212BE6C30041BCF7 /* Debug */,
				AAF22ACD212BE6C30041BCF7 /* Release */,
			);
			defaultConfigurationIsVisible = 0;
			defaultConfigurationName = Release;
		};
		AAF22ACE212BE6C30041BCF7 /* Build configuration list for PBXNativeTarget "swift12ios" */ = {
			isa = XCConfigurationList;
			buildConfigurations = (
				AAF22ACF212BE6C30041BCF7 /* Debug */,
				AAF22AD0212BE6C30041BCF7 /* Release */,
			);
			defaultConfigurationIsVisible = 0;
			defaultConfigurationName = Release;
		};
/* End XCConfigurationList section */
	};
	rootObject = AAF22AB4212BE6C20041BCF7 /* Project object */;
}
